
Microsoft Visual Studio Solution File, Format Version 12.00
# Visual Studio Version 17
VisualStudioVersion = 17.10.35013.160
MinimumVisualStudioVersion = 10.0.40219.1
Project("{8BC9CEB8-8B4A-11D0-8D11-00A0C91BC942}") = "01-draw_clock", "01-draw_clock\01-draw_clock.vcxproj", "{139DE406-1B2A-4D98-A2B0-36155808A556}"
EndProject
Project("{8BC9CEB8-8B4A-11D0-8D11-00A0C91BC942}") = "KeyboardDll", "KeyboardDll\KeyboardDll.vcxproj", "{7C06252B-80D5-451D-AEED-7FFF18E29B50}"
EndProject
Project("{8BC9CEB8-8B4A-11D0-8D11-00A0C91BC942}") = "KeyboardTest", "KeyboardTest\KeyboardTest.vcxproj", "{8AF298B0-D22D-4F9C-BC0E-9310C7FC83B3}"
EndProject
Project("{8BC9CEB8-8B4A-11D0-8D11-00A0C91BC942}") = "GetCpuId", "GetCpuId\GetCpuId.vcxproj", "{69C7B9E9-B20E-4130-B8E2-D9DCB00ED9F4}"
EndProject
Project("{8BC9CEB8-8B4A-11D0-8D11-00A0C91BC942}") = "RemoteInjectDll", "RemoteInjectDll\RemoteInjectDll.vcxproj", "{223A57F5-611D-42DF-82E8-7D4996B2BB88}"
EndProject
Project("{8BC9CEB8-8B4A-11D0-8D11-00A0C91BC942}") = "RemoteInjectApp", "RemoteInjectApp\RemoteInjectApp.vcxproj", "{8383FD17-10DA-4661-89F2-55BB692A9282}"
EndProject
Global
	GlobalSection(SolutionConfigurationPlatforms) = preSolution
		Debug|x64 = Debug|x64
		Debug|x86 = Debug|x86
		Release|x64 = Release|x64
		Release|x86 = Release|x86
	EndGlobalSection
	GlobalSection(ProjectConfigurationPlatforms) = postSolution
		{139DE406-1B2A-4D98-A2B0-36155808A556}.Debug|x64.ActiveCfg = Debug|x64
		{139DE406-1B2A-4D98-A2B0-36155808A556}.Debug|x64.Build.0 = Debug|x64
		{139DE406-1B2A-4D98-A2B0-36155808A556}.Debug|x86.ActiveCfg = Debug|Win32
		{139DE406-1B2A-4D98-A2B0-36155808A556}.Debug|x86.Build.0 = Debug|Win32
		{139DE406-1B2A-4D98-A2B0-36155808A556}.Release|x64.ActiveCfg = Release|x64
		{139DE406-1B2A-4D98-A2B0-36155808A556}.Release|x64.Build.0 = Release|x64
		{139DE406-1B2A-4D98-A2B0-36155808A556}.Release|x86.ActiveCfg = Release|Win32
		{139DE406-1B2A-4D98-A2B0-36155808A556}.Release|x86.Build.0 = Release|Win32
		{7C06252B-80D5-451D-AEED-7FFF18E29B50}.Debug|x64.ActiveCfg = Debug|x64
		{7C06252B-80D5-451D-AEED-7FFF18E29B50}.Debug|x64.Build.0 = Debug|x64
		{7C06252B-80D5-451D-AEED-7FFF18E29B50}.Debug|x86.ActiveCfg = Debug|Win32
		{7C06252B-80D5-451D-AEED-7FFF18E29B50}.Debug|x86.Build.0 = Debug|Win32
		{7C06252B-80D5-451D-AEED-7FFF18E29B50}.Release|x64.ActiveCfg = Release|x64
		{7C06252B-80D5-451D-AEED-7FFF18E29B50}.Release|x64.Build.0 = Release|x64
		{7C06252B-80D5-451D-AEED-7FFF18E29B50}.Release|x86.ActiveCfg = Release|Win32
		{7C06252B-80D5-451D-AEED-7FFF18E29B50}.Release|x86.Build.0 = Release|Win32
		{8AF298B0-D22D-4F9C-BC0E-9310C7FC83B3}.Debug|x64.ActiveCfg = Debug|x64
		{8AF298B0-D22D-4F9C-BC0E-9310C7FC83B3}.Debug|x64.Build.0 = Debug|x64
		{8AF298B0-D22D-4F9C-BC0E-9310C7FC83B3}.Debug|x86.ActiveCfg = Debug|Win32
		{8AF298B0-D22D-4F9C-BC0E-9310C7FC83B3}.Debug|x86.Build.0 = Debug|Win32
		{8AF298B0-D22D-4F9C-BC0E-9310C7FC83B3}.Release|x64.ActiveCfg = Release|x64
		{8AF298B0-D22D-4F9C-BC0E-9310C7FC83B3}.Release|x64.Build.0 = Release|x64
		{8AF298B0-D22D-4F9C-BC0E-9310C7FC83B3}.Release|x86.ActiveCfg = Release|Win32
		{8AF298B0-D22D-4F9C-BC0E-9310C7FC83B3}.Release|x86.Build.0 = Release|Win32
		{69C7B9E9-B20E-4130-B8E2-D9DCB00ED9F4}.Debug|x64.ActiveCfg = Debug|x64
		{69C7B9E9-B20E-4130-B8E2-D9DCB00ED9F4}.Debug|x64.Build.0 = Debug|x64
		{69C7B9E9-B20E-4130-B8E2-D9DCB00ED9F4}.Debug|x86.ActiveCfg = Debug|Win32
		{69C7B9E9-B20E-4130-B8E2-D9DCB00ED9F4}.Debug|x86.Build.0 = Debug|Win32
		{69C7B9E9-B20E-4130-B8E2-D9DCB00ED9F4}.Release|x64.ActiveCfg = Release|x64
		{69C7B9E9-B20E-4130-B8E2-D9DCB00ED9F4}.Release|x64.Build.0 = Release|x64
		{69C7B9E9-B20E-4130-B8E2-D9DCB00ED9F4}.Release|x86.ActiveCfg = Release|Win32
		{69C7B9E9-B20E-4130-B8E2-D9DCB00ED9F4}.Release|x86.Build.0 = Release|Win32
		{223A57F5-611D-42DF-82E8-7D4996B2BB88}.Debug|x64.ActiveCfg = Debug|x64
		{223A57F5-611D-42DF-82E8-7D4996B2BB88}.Debug|x64.Build.0 = Debug|x64
		{223A57F5-611D-42DF-82E8-7D4996B2BB88}.Debug|x86.ActiveCfg = Debug|Win32
		{223A57F5-611D-42DF-82E8-7D4996B2BB88}.Debug|x86.Build.0 = Debug|Win32
		{223A57F5-611D-42DF-82E8-7D4996B2BB88}.Release|x64.ActiveCfg = Release|x64
		{223A57F5-611D-42DF-82E8-7D4996B2BB88}.Release|x64.Build.0 = Release|x64
		{223A57F5-611D-42DF-82E8-7D4996B2BB88}.Release|x86.ActiveCfg = Release|Win32
		{223A57F5-611D-42DF-82E8-7D4996B2BB88}.Release|x86.Build.0 = Release|Win32
		{8383FD17-10DA-4661-89F2-55BB692A9282}.Debug|x64.ActiveCfg = Debug|x64
		{8383FD17-10DA-4661-89F2-55BB692A9282}.Debug|x64.Build.0 = Debug|x64
		{8383FD17-10DA-4661-89F2-55BB692A9282}.Debug|x86.ActiveCfg = Debug|Win32
		{8383FD17-10DA-4661-89F2-55BB692A9282}.Debug|x86.Build.0 = Debug|Win32
		{8383FD17-10DA-4661-89F2-55BB692A9282}.Release|x64.ActiveCfg = Release|x64
		{8383FD17-10DA-4661-89F2-55BB692A9282}.Release|x64.Build.0 = Release|x64
		{8383FD17-10DA-4661-89F2-55BB692A9282}.Release|x86.ActiveCfg = Release|Win32
		{8383FD17-10DA-4661-89F2-55BB692A9282}.Release|x86.Build.0 = Release|Win32
	EndGlobalSection
	GlobalSection(SolutionProperties) = preSolution
		HideSolutionNode = FALSE
	EndGlobalSection
	GlobalSection(ExtensibilityGlobals) = postSolution
		SolutionGuid = {BD55D07A-1926-4F00-83CB-939750BEF334}
	EndGlobalSection
EndGlobal
