
Microsoft Visual Studio Solution File, Format Version 12.00
# Visual Studio Version 17
VisualStudioVersion = 17.13.35931.197
MinimumVisualStudioVersion = 10.0.40219.1
Project("{8BC9CEB8-8B4A-11D0-8D11-00A0C91BC942}") = "sample", "sample\sample.vcxproj", "{BC090CC9-2503-40D3-84B8-8C10F02240B5}"
EndProject
Project("{8BC9CEB8-8B4A-11D0-8D11-00A0C91BC942}") = "graph", "graph\graph.vcxproj", "{10DE9E4C-C97F-47DF-B556-AD3472C16A04}"
EndProject
Project("{8BC9CEB8-8B4A-11D0-8D11-00A0C91BC942}") = "dp_dip", "design_pattern\design_pattern.vcxproj", "{6E6527E5-4E24-4E76-982D-0F7FF8788635}"
EndProject
Project("{8BC9CEB8-8B4A-11D0-8D11-00A0C91BC942}") = "dp_abstract_factory", "dp_abstract_factory\dp_abstract_factory.vcxproj", "{045B1D9E-B012-48E2-8CE5-B5E0B2B808F2}"
EndProject
Project("{8BC9CEB8-8B4A-11D0-8D11-00A0C91BC942}") = "dp_factory_method", "dp_factory_method\dp_factory_method.vcxproj", "{700A83DF-7E05-4E15-A23B-60039E4F1222}"
EndProject
Global
	GlobalSection(SolutionConfigurationPlatforms) = preSolution
		Debug|x64 = Debug|x64
		Debug|x86 = Debug|x86
		Release|x64 = Release|x64
		Release|x86 = Release|x86
	EndGlobalSection
	GlobalSection(ProjectConfigurationPlatforms) = postSolution
		{BC090CC9-2503-40D3-84B8-8C10F02240B5}.Debug|x64.ActiveCfg = Debug|x64
		{BC090CC9-2503-40D3-84B8-8C10F02240B5}.Debug|x64.Build.0 = Debug|x64
		{BC090CC9-2503-40D3-84B8-8C10F02240B5}.Debug|x86.ActiveCfg = Debug|Win32
		{BC090CC9-2503-40D3-84B8-8C10F02240B5}.Debug|x86.Build.0 = Debug|Win32
		{BC090CC9-2503-40D3-84B8-8C10F02240B5}.Release|x64.ActiveCfg = Release|x64
		{BC090CC9-2503-40D3-84B8-8C10F02240B5}.Release|x64.Build.0 = Release|x64
		{BC090CC9-2503-40D3-84B8-8C10F02240B5}.Release|x86.ActiveCfg = Release|Win32
		{BC090CC9-2503-40D3-84B8-8C10F02240B5}.Release|x86.Build.0 = Release|Win32
		{10DE9E4C-C97F-47DF-B556-AD3472C16A04}.Debug|x64.ActiveCfg = Debug|x64
		{10DE9E4C-C97F-47DF-B556-AD3472C16A04}.Debug|x64.Build.0 = Debug|x64
		{10DE9E4C-C97F-47DF-B556-AD3472C16A04}.Debug|x86.ActiveCfg = Debug|Win32
		{10DE9E4C-C97F-47DF-B556-AD3472C16A04}.Debug|x86.Build.0 = Debug|Win32
		{10DE9E4C-C97F-47DF-B556-AD3472C16A04}.Release|x64.ActiveCfg = Release|x64
		{10DE9E4C-C97F-47DF-B556-AD3472C16A04}.Release|x64.Build.0 = Release|x64
		{10DE9E4C-C97F-47DF-B556-AD3472C16A04}.Release|x86.ActiveCfg = Release|Win32
		{10DE9E4C-C97F-47DF-B556-AD3472C16A04}.Release|x86.Build.0 = Release|Win32
		{6E6527E5-4E24-4E76-982D-0F7FF8788635}.Debug|x64.ActiveCfg = Debug|x64
		{6E6527E5-4E24-4E76-982D-0F7FF8788635}.Debug|x64.Build.0 = Debug|x64
		{6E6527E5-4E24-4E76-982D-0F7FF8788635}.Debug|x86.ActiveCfg = Debug|Win32
		{6E6527E5-4E24-4E76-982D-0F7FF8788635}.Debug|x86.Build.0 = Debug|Win32
		{6E6527E5-4E24-4E76-982D-0F7FF8788635}.Release|x64.ActiveCfg = Release|x64
		{6E6527E5-4E24-4E76-982D-0F7FF8788635}.Release|x64.Build.0 = Release|x64
		{6E6527E5-4E24-4E76-982D-0F7FF8788635}.Release|x86.ActiveCfg = Release|Win32
		{6E6527E5-4E24-4E76-982D-0F7FF8788635}.Release|x86.Build.0 = Release|Win32
		{045B1D9E-B012-48E2-8CE5-B5E0B2B808F2}.Debug|x64.ActiveCfg = Debug|x64
		{045B1D9E-B012-48E2-8CE5-B5E0B2B808F2}.Debug|x64.Build.0 = Debug|x64
		{045B1D9E-B012-48E2-8CE5-B5E0B2B808F2}.Debug|x86.ActiveCfg = Debug|Win32
		{045B1D9E-B012-48E2-8CE5-B5E0B2B808F2}.Debug|x86.Build.0 = Debug|Win32
		{045B1D9E-B012-48E2-8CE5-B5E0B2B808F2}.Release|x64.ActiveCfg = Release|x64
		{045B1D9E-B012-48E2-8CE5-B5E0B2B808F2}.Release|x64.Build.0 = Release|x64
		{045B1D9E-B012-48E2-8CE5-B5E0B2B808F2}.Release|x86.ActiveCfg = Release|Win32
		{045B1D9E-B012-48E2-8CE5-B5E0B2B808F2}.Release|x86.Build.0 = Release|Win32
		{700A83DF-7E05-4E15-A23B-60039E4F1222}.Debug|x64.ActiveCfg = Debug|x64
		{700A83DF-7E05-4E15-A23B-60039E4F1222}.Debug|x64.Build.0 = Debug|x64
		{700A83DF-7E05-4E15-A23B-60039E4F1222}.Debug|x86.ActiveCfg = Debug|Win32
		{700A83DF-7E05-4E15-A23B-60039E4F1222}.Debug|x86.Build.0 = Debug|Win32
		{700A83DF-7E05-4E15-A23B-60039E4F1222}.Release|x64.ActiveCfg = Release|x64
		{700A83DF-7E05-4E15-A23B-60039E4F1222}.Release|x64.Build.0 = Release|x64
		{700A83DF-7E05-4E15-A23B-60039E4F1222}.Release|x86.ActiveCfg = Release|Win32
		{700A83DF-7E05-4E15-A23B-60039E4F1222}.Release|x86.Build.0 = Release|Win32
	EndGlobalSection
	GlobalSection(SolutionProperties) = preSolution
		HideSolutionNode = FALSE
	EndGlobalSection
	GlobalSection(ExtensibilityGlobals) = postSolution
		SolutionGuid = {6040FE21-F29F-456B-8A3E-55D73EE5153B}
	EndGlobalSection
EndGlobal
